{
  "requires": true,
  "lockfileVersion": 1,
  "dependencies": {
    "big-integer": {
      "version": "1.6.32",
      "resolved": "https://registry.npmjs.org/big-integer/-/big-integer-1.6.32.tgz",
      "integrity": "sha512-ljKJdR3wk9thHfLj4DtrNiOSTxvGFaMjWrG4pW75juXC4j7+XuKJVFdg4kgFMYp85PVkO05dFMj2dk2xVsH4xw=="
    },
    "monkey": {
      "version": "0.9.0",
      "resolved": "https://registry.npmjs.org/monkey/-/monkey-0.9.0.tgz",
      "integrity": "sha1-LHnUHvp6ZoapxDS+a9XVO0aNHbM="
    },
    "zeppelin-solidity": {
      "version": "1.10.0",
      "resolved": "https://registry.npmjs.org/zeppelin-solidity/-/zeppelin-solidity-1.10.0.tgz",
      "integrity": "sha512-+7vO3ltfNdCJ8E8NKFlC0PKQUh9PTFm71o1u0vgZdJ0U20NTMRkYx/jepa0+B//vikFv4P6Zf74AULqsKJ/xhQ=="
    }
  }
}
